
Microsoft Visual Studio Solution File, Format Version 12.00
# Visual Studio Version 16
VisualStudioVersion = 16.0.31313.79
MinimumVisualStudioVersion = 10.0.40219.1
Project("{FAE04EC0-301F-11D3-BF4B-00C04F79EFBC}") = "PMR_Parking.UWP", "PMR_Parking\PMR_Parking.UWP\PMR_Parking.UWP.csproj", "{1371BC90-B540-4D57-9B6B-C9CB091BEF65}"
EndProject
Project("{FAE04EC0-301F-11D3-BF4B-00C04F79EFBC}") = "PMR_Parking.Android", "PMR_Parking\PMR_Parking.Android\PMR_Parking.Android.csproj", "{84555892-F98F-47EB-95E9-113C42629C72}"
EndProject
Project("{FAE04EC0-301F-11D3-BF4B-00C04F79EFBC}") = "PMR_Parking.iOS", "PMR_Parking\PMR_Parking.iOS\PMR_Parking.iOS.csproj", "{EDF5B804-6549-4B82-A39F-B8018B3C0131}"
EndProject
Project("{FAE04EC0-301F-11D3-BF4B-00C04F79EFBC}") = "PMR_Parking", "PMR_Parking\PMR_Parking\PMR_Parking.csproj", "{B3708917-0F76-49BD-9D32-374874C189DB}"
EndProject
Global
	GlobalSection(SolutionConfigurationPlatforms) = preSolution
		Debug|Any CPU = Debug|Any CPU
		Debug|ARM = Debug|ARM
		Debug|iPhone = Debug|iPhone
		Debug|iPhoneSimulator = Debug|iPhoneSimulator
		Debug|x64 = Debug|x64
		Debug|x86 = Debug|x86
		Release|Any CPU = Release|Any CPU
		Release|ARM = Release|ARM
		Release|iPhone = Release|iPhone
		Release|iPhoneSimulator = Release|iPhoneSimulator
		Release|x64 = Release|x64
		Release|x86 = Release|x86
	EndGlobalSection
	GlobalSection(ProjectConfigurationPlatforms) = postSolution
		{1371BC90-B540-4D57-9B6B-C9CB091BEF65}.Debug|Any CPU.ActiveCfg = Debug|x86
		{1371BC90-B540-4D57-9B6B-C9CB091BEF65}.Debug|Any CPU.Build.0 = Debug|x86
		{1371BC90-B540-4D57-9B6B-C9CB091BEF65}.Debug|Any CPU.Deploy.0 = Debug|x86
		{1371BC90-B540-4D57-9B6B-C9CB091BEF65}.Debug|ARM.ActiveCfg = Debug|ARM
		{1371BC90-B540-4D57-9B6B-C9CB091BEF65}.Debug|ARM.Build.0 = Debug|ARM
		{1371BC90-B540-4D57-9B6B-C9CB091BEF65}.Debug|ARM.Deploy.0 = Debug|ARM
		{1371BC90-B540-4D57-9B6B-C9CB091BEF65}.Debug|iPhone.ActiveCfg = Debug|x86
		{1371BC90-B540-4D57-9B6B-C9CB091BEF65}.Debug|iPhone.Build.0 = Debug|x86
		{1371BC90-B540-4D57-9B6B-C9CB091BEF65}.Debug|iPhone.Deploy.0 = Debug|x86
		{1371BC90-B540-4D57-9B6B-C9CB091BEF65}.Debug|iPhoneSimulator.ActiveCfg = Debug|x86
		{1371BC90-B540-4D57-9B6B-C9CB091BEF65}.Debug|iPhoneSimulator.Build.0 = Debug|x86
		{1371BC90-B540-4D57-9B6B-C9CB091BEF65}.Debug|iPhoneSimulator.Deploy.0 = Debug|x86
		{1371BC90-B540-4D57-9B6B-C9CB091BEF65}.Debug|x64.ActiveCfg = Debug|x64
		{1371BC90-B540-4D57-9B6B-C9CB091BEF65}.Debug|x64.Build.0 = Debug|x64
		{1371BC90-B540-4D57-9B6B-C9CB091BEF65}.Debug|x64.Deploy.0 = Debug|x64
		{1371BC90-B540-4D57-9B6B-C9CB091BEF65}.Debug|x86.ActiveCfg = Debug|x86
		{1371BC90-B540-4D57-9B6B-C9CB091BEF65}.Debug|x86.Build.0 = Debug|x86
		{1371BC90-B540-4D57-9B6B-C9CB091BEF65}.Debug|x86.Deploy.0 = Debug|x86
		{1371BC90-B540-4D57-9B6B-C9CB091BEF65}.Release|Any CPU.ActiveCfg = Release|x86
		{1371BC90-B540-4D57-9B6B-C9CB091BEF65}.Release|Any CPU.Build.0 = Release|x86
		{1371BC90-B540-4D57-9B6B-C9CB091BEF65}.Release|Any CPU.Deploy.0 = Release|x86
		{1371BC90-B540-4D57-9B6B-C9CB091BEF65}.Release|ARM.ActiveCfg = Release|ARM
		{1371BC90-B540-4D57-9B6B-C9CB091BEF65}.Release|ARM.Build.0 = Release|ARM
		{1371BC90-B540-4D57-9B6B-C9CB091BEF65}.Release|ARM.Deploy.0 = Release|ARM
		{1371BC90-B540-4D57-9B6B-C9CB091BEF65}.Release|iPhone.ActiveCfg = Release|x86
		{1371BC90-B540-4D57-9B6B-C9CB091BEF65}.Release|iPhone.Build.0 = Release|x86
		{1371BC90-B540-4D57-9B6B-C9CB091BEF65}.Release|iPhone.Deploy.0 = Release|x86
		{1371BC90-B540-4D57-9B6B-C9CB091BEF65}.Release|iPhoneSimulator.ActiveCfg = Release|x86
		{1371BC90-B540-4D57-9B6B-C9CB091BEF65}.Release|iPhoneSimulator.Build.0 = Release|x86
		{1371BC90-B540-4D57-9B6B-C9CB091BEF65}.Release|iPhoneSimulator.Deploy.0 = Release|x86
		{1371BC90-B540-4D57-9B6B-C9CB091BEF65}.Release|x64.ActiveCfg = Release|x64
		{1371BC90-B540-4D57-9B6B-C9CB091BEF65}.Release|x64.Build.0 = Release|x64
		{1371BC90-B540-4D57-9B6B-C9CB091BEF65}.Release|x64.Deploy.0 = Release|x64
		{1371BC90-B540-4D57-9B6B-C9CB091BEF65}.Release|x86.ActiveCfg = Release|x86
		{1371BC90-B540-4D57-9B6B-C9CB091BEF65}.Release|x86.Build.0 = Release|x86
		{1371BC90-B540-4D57-9B6B-C9CB091BEF65}.Release|x86.Deploy.0 = Release|x86
		{84555892-F98F-47EB-95E9-113C42629C72}.Debug|Any CPU.ActiveCfg = Debug|Any CPU
		{84555892-F98F-47EB-95E9-113C42629C72}.Debug|Any CPU.Build.0 = Debug|Any CPU
		{84555892-F98F-47EB-95E9-113C42629C72}.Debug|Any CPU.Deploy.0 = Debug|Any CPU
		{84555892-F98F-47EB-95E9-113C42629C72}.Debug|ARM.ActiveCfg = Debug|Any CPU
		{84555892-F98F-47EB-95E9-113C42629C72}.Debug|ARM.Build.0 = Debug|Any CPU
		{84555892-F98F-47EB-95E9-113C42629C72}.Debug|ARM.Deploy.0 = Debug|Any CPU
		{84555892-F98F-47EB-95E9-113C42629C72}.Debug|iPhone.ActiveCfg = Debug|Any CPU
		{84555892-F98F-47EB-95E9-113C42629C72}.Debug|iPhone.Build.0 = Debug|Any CPU
		{84555892-F98F-47EB-95E9-113C42629C72}.Debug|iPhone.Deploy.0 = Debug|Any CPU
		{84555892-F98F-47EB-95E9-113C42629C72}.Debug|iPhoneSimulator.ActiveCfg = Debug|Any CPU
		{84555892-F98F-47EB-95E9-113C42629C72}.Debug|iPhoneSimulator.Build.0 = Debug|Any CPU
		{84555892-F98F-47EB-95E9-113C42629C72}.Debug|iPhoneSimulator.Deploy.0 = Debug|Any CPU
		{84555892-F98F-47EB-95E9-113C42629C72}.Debug|x64.ActiveCfg = Debug|Any CPU
		{84555892-F98F-47EB-95E9-113C42629C72}.Debug|x64.Build.0 = Debug|Any CPU
		{84555892-F98F-47EB-95E9-113C42629C72}.Debug|x64.Deploy.0 = Debug|Any CPU
		{84555892-F98F-47EB-95E9-113C42629C72}.Debug|x86.ActiveCfg = Debug|Any CPU
		{84555892-F98F-47EB-95E9-113C42629C72}.Debug|x86.Build.0 = Debug|Any CPU
		{84555892-F98F-47EB-95E9-113C42629C72}.Debug|x86.Deploy.0 = Debug|Any CPU
		{84555892-F98F-47EB-95E9-113C42629C72}.Release|Any CPU.ActiveCfg = Release|Any CPU
		{84555892-F98F-47EB-95E9-113C42629C72}.Release|Any CPU.Build.0 = Release|Any CPU
		{84555892-F98F-47EB-95E9-113C42629C72}.Release|Any CPU.Deploy.0 = Release|Any CPU
		{84555892-F98F-47EB-95E9-113C42629C72}.Release|ARM.ActiveCfg = Release|Any CPU
		{84555892-F98F-47EB-95E9-113C42629C72}.Release|ARM.Build.0 = Release|Any CPU
		{84555892-F98F-47EB-95E9-113C42629C72}.Release|ARM.Deploy.0 = Release|Any CPU
		{84555892-F98F-47EB-95E9-113C42629C72}.Release|iPhone.ActiveCfg = Release|Any CPU
		{84555892-F98F-47EB-95E9-113C42629C72}.Release|iPhone.Build.0 = Release|Any CPU
		{84555892-F98F-47EB-95E9-113C42629C72}.Release|iPhone.Deploy.0 = Release|Any CPU
		{84555892-F98F-47EB-95E9-113C42629C72}.Release|iPhoneSimulator.ActiveCfg = Release|Any CPU
		{84555892-F98F-47EB-95E9-113C42629C72}.Release|iPhoneSimulator.Build.0 = Release|Any CPU
		{84555892-F98F-47EB-95E9-113C42629C72}.Release|iPhoneSimulator.Deploy.0 = Release|Any CPU
		{84555892-F98F-47EB-95E9-113C42629C72}.Release|x64.ActiveCfg = Release|Any CPU
		{84555892-F98F-47EB-95E9-113C42629C72}.Release|x64.Build.0 = Release|Any CPU
		{84555892-F98F-47EB-95E9-113C42629C72}.Release|x64.Deploy.0 = Release|Any CPU
		{84555892-F98F-47EB-95E9-113C42629C72}.Release|x86.ActiveCfg = Release|Any CPU
		{84555892-F98F-47EB-95E9-113C42629C72}.Release|x86.Build.0 = Release|Any CPU
		{84555892-F98F-47EB-95E9-113C42629C72}.Release|x86.Deploy.0 = Release|Any CPU
		{EDF5B804-6549-4B82-A39F-B8018B3C0131}.Debug|Any CPU.ActiveCfg = Debug|iPhoneSimulator
		{EDF5B804-6549-4B82-A39F-B8018B3C0131}.Debug|Any CPU.Build.0 = Debug|iPhoneSimulator
		{EDF5B804-6549-4B82-A39F-B8018B3C0131}.Debug|Any CPU.Deploy.0 = Debug|iPhoneSimulator
		{EDF5B804-6549-4B82-A39F-B8018B3C0131}.Debug|ARM.ActiveCfg = Debug|iPhone
		{EDF5B804-6549-4B82-A39F-B8018B3C0131}.Debug|ARM.Build.0 = Debug|iPhone
		{EDF5B804-6549-4B82-A39F-B8018B3C0131}.Debug|ARM.Deploy.0 = Debug|iPhone
		{EDF5B804-6549-4B82-A39F-B8018B3C0131}.Debug|iPhone.ActiveCfg = Debug|iPhone
		{EDF5B804-6549-4B82-A39F-B8018B3C0131}.Debug|iPhone.Build.0 = Debug|iPhone
		{EDF5B804-6549-4B82-A39F-B8018B3C0131}.Debug|iPhone.Deploy.0 = Debug|iPhone
		{EDF5B804-6549-4B82-A39F-B8018B3C0131}.Debug|iPhoneSimulator.ActiveCfg = Debug|iPhoneSimulator
		{EDF5B804-6549-4B82-A39F-B8018B3C0131}.Debug|iPhoneSimulator.Build.0 = Debug|iPhoneSimulator
		{EDF5B804-6549-4B82-A39F-B8018B3C0131}.Debug|iPhoneSimulator.Deploy.0 = Debug|iPhoneSimulator
		{EDF5B804-6549-4B82-A39F-B8018B3C0131}.Debug|x64.ActiveCfg = Debug|iPhoneSimulator
		{EDF5B804-6549-4B82-A39F-B8018B3C0131}.Debug|x64.Build.0 = Debug|iPhoneSimulator
		{EDF5B804-6549-4B82-A39F-B8018B3C0131}.Debug|x64.Deploy.0 = Debug|iPhoneSimulator
		{EDF5B804-6549-4B82-A39F-B8018B3C0131}.Debug|x86.ActiveCfg = Debug|iPhoneSimulator
		{EDF5B804-6549-4B82-A39F-B8018B3C0131}.Debug|x86.Build.0 = Debug|iPhoneSimulator
		{EDF5B804-6549-4B82-A39F-B8018B3C0131}.Debug|x86.Deploy.0 = Debug|iPhoneSimulator
		{EDF5B804-6549-4B82-A39F-B8018B3C0131}.Release|Any CPU.ActiveCfg = Release|iPhoneSimulator
		{EDF5B804-6549-4B82-A39F-B8018B3C0131}.Release|Any CPU.Build.0 = Release|iPhoneSimulator
		{EDF5B804-6549-4B82-A39F-B8018B3C0131}.Release|Any CPU.Deploy.0 = Release|iPhoneSimulator
		{EDF5B804-6549-4B82-A39F-B8018B3C0131}.Release|ARM.ActiveCfg = Release|iPhoneSimulator
		{EDF5B804-6549-4B82-A39F-B8018B3C0131}.Release|ARM.Build.0 = Release|iPhoneSimulator
		{EDF5B804-6549-4B82-A39F-B8018B3C0131}.Release|ARM.Deploy.0 = Release|iPhoneSimulator
		{EDF5B804-6549-4B82-A39F-B8018B3C0131}.Release|iPhone.ActiveCfg = Release|iPhone
		{EDF5B804-6549-4B82-A39F-B8018B3C0131}.Release|iPhone.Build.0 = Release|iPhone
		{EDF5B804-6549-4B82-A39F-B8018B3C0131}.Release|iPhone.Deploy.0 = Release|iPhone
		{EDF5B804-6549-4B82-A39F-B8018B3C0131}.Release|iPhoneSimulator.ActiveCfg = Release|iPhoneSimulator
		{EDF5B804-6549-4B82-A39F-B8018B3C0131}.Release|iPhoneSimulator.Build.0 = Release|iPhoneSimulator
		{EDF5B804-6549-4B82-A39F-B8018B3C0131}.Release|iPhoneSimulator.Deploy.0 = Release|iPhoneSimulator
		{EDF5B804-6549-4B82-A39F-B8018B3C0131}.Release|x64.ActiveCfg = Release|iPhoneSimulator
		{EDF5B804-6549-4B82-A39F-B8018B3C0131}.Release|x64.Build.0 = Release|iPhoneSimulator
		{EDF5B804-6549-4B82-A39F-B8018B3C0131}.Release|x64.Deploy.0 = Release|iPhoneSimulator
		{EDF5B804-6549-4B82-A39F-B8018B3C0131}.Release|x86.ActiveCfg = Release|iPhoneSimulator
		{EDF5B804-6549-4B82-A39F-B8018B3C0131}.Release|x86.Build.0 = Release|iPhoneSimulator
		{EDF5B804-6549-4B82-A39F-B8018B3C0131}.Release|x86.Deploy.0 = Release|iPhoneSimulator
		{B3708917-0F76-49BD-9D32-374874C189DB}.Debug|Any CPU.ActiveCfg = Debug|Any CPU
		{B3708917-0F76-49BD-9D32-374874C189DB}.Debug|Any CPU.Build.0 = Debug|Any CPU
		{B3708917-0F76-49BD-9D32-374874C189DB}.Debug|Any CPU.Deploy.0 = Debug|Any CPU
		{B3708917-0F76-49BD-9D32-374874C189DB}.Debug|ARM.ActiveCfg = Debug|Any CPU
		{B3708917-0F76-49BD-9D32-374874C189DB}.Debug|ARM.Build.0 = Debug|Any CPU
		{B3708917-0F76-49BD-9D32-374874C189DB}.Debug|ARM.Deploy.0 = Debug|Any CPU
		{B3708917-0F76-49BD-9D32-374874C189DB}.Debug|iPhone.ActiveCfg = Debug|Any CPU
		{B3708917-0F76-49BD-9D32-374874C189DB}.Debug|iPhone.Build.0 = Debug|Any CPU
		{B3708917-0F76-49BD-9D32-374874C189DB}.Debug|iPhone.Deploy.0 = Debug|Any CPU
		{B3708917-0F76-49BD-9D32-374874C189DB}.Debug|iPhoneSimulator.ActiveCfg = Debug|Any CPU
		{B3708917-0F76-49BD-9D32-374874C189DB}.Debug|iPhoneSimulator.Build.0 = Debug|Any CPU
		{B3708917-0F76-49BD-9D32-374874C189DB}.Debug|iPhoneSimulator.Deploy.0 = Debug|Any CPU
		{B3708917-0F76-49BD-9D32-374874C189DB}.Debug|x64.ActiveCfg = Debug|Any CPU
		{B3708917-0F76-49BD-9D32-374874C189DB}.Debug|x64.Build.0 = Debug|Any CPU
		{B3708917-0F76-49BD-9D32-374874C189DB}.Debug|x64.Deploy.0 = Debug|Any CPU
		{B3708917-0F76-49BD-9D32-374874C189DB}.Debug|x86.ActiveCfg = Debug|Any CPU
		{B3708917-0F76-49BD-9D32-374874C189DB}.Debug|x86.Build.0 = Debug|Any CPU
		{B3708917-0F76-49BD-9D32-374874C189DB}.Debug|x86.Deploy.0 = Debug|Any CPU
		{B3708917-0F76-49BD-9D32-374874C189DB}.Release|Any CPU.ActiveCfg = Release|Any CPU
		{B3708917-0F76-49BD-9D32-374874C189DB}.Release|Any CPU.Build.0 = Release|Any CPU
		{B3708917-0F76-49BD-9D32-374874C189DB}.Release|Any CPU.Deploy.0 = Release|Any CPU
		{B3708917-0F76-49BD-9D32-374874C189DB}.Release|ARM.ActiveCfg = Release|Any CPU
		{B3708917-0F76-49BD-9D32-374874C189DB}.Release|ARM.Build.0 = Release|Any CPU
		{B3708917-0F76-49BD-9D32-374874C189DB}.Release|ARM.Deploy.0 = Release|Any CPU
		{B3708917-0F76-49BD-9D32-374874C189DB}.Release|iPhone.ActiveCfg = Release|Any CPU
		{B3708917-0F76-49BD-9D32-374874C189DB}.Release|iPhone.Build.0 = Release|Any CPU
		{B3708917-0F76-49BD-9D32-374874C189DB}.Release|iPhone.Deploy.0 = Release|Any CPU
		{B3708917-0F76-49BD-9D32-374874C189DB}.Release|iPhoneSimulator.ActiveCfg = Release|Any CPU
		{B3708917-0F76-49BD-9D32-374874C189DB}.Release|iPhoneSimulator.Build.0 = Release|Any CPU
		{B3708917-0F76-49BD-9D32-374874C189DB}.Release|iPhoneSimulator.Deploy.0 = Release|Any CPU
		{B3708917-0F76-49BD-9D32-374874C189DB}.Release|x64.ActiveCfg = Release|Any CPU
		{B3708917-0F76-49BD-9D32-374874C189DB}.Release|x64.Build.0 = Release|Any CPU
		{B3708917-0F76-49BD-9D32-374874C189DB}.Release|x64.Deploy.0 = Release|Any CPU
		{B3708917-0F76-49BD-9D32-374874C189DB}.Release|x86.ActiveCfg = Release|Any CPU
		{B3708917-0F76-49BD-9D32-374874C189DB}.Release|x86.Build.0 = Release|Any CPU
		{B3708917-0F76-49BD-9D32-374874C189DB}.Release|x86.Deploy.0 = Release|Any CPU
	EndGlobalSection
	GlobalSection(SolutionProperties) = preSolution
		HideSolutionNode = FALSE
	EndGlobalSection
	GlobalSection(ExtensibilityGlobals) = postSolution
		SolutionGuid = {332973B2-C3A0-491E-9200-94D77A5A0485}
	EndGlobalSection
EndGlobal
